{
  "name": "iOSAndFe",
  "version": "1.0.0",
  "lockfileVersion": 1,
  "requires": true,
  "dependencies": {
    "esbuild": {
      "version": "0.13.8",
      "resolved": "https://registry.npmmirror.com/esbuild/download/esbuild-0.13.8.tgz?cache=0&sync_timestamp=1634439403556&other_urls=https%3A%2F%2Fregistry.npmmirror.com%2Fesbuild%2Fdownload%2Fesbuild-0.13.8.tgz",
      "integrity": "sha1-vXzFG4gasGd4n4jhe6ynRyTB7E8=",
      "dev": true,
      "requires": {
        "esbuild-android-arm64": "0.13.8",
        "esbuild-darwin-64": "0.13.8",
        "esbuild-darwin-arm64": "0.13.8",
        "esbuild-freebsd-64": "0.13.8",
        "esbuild-freebsd-arm64": "0.13.8",
        "esbuild-linux-32": "0.13.8",
        "esbuild-linux-64": "0.13.8",
        "esbuild-linux-arm": "0.13.8",
        "esbuild-linux-arm64": "0.13.8",
        "esbuild-linux-mips64le": "0.13.8",
        "esbuild-linux-ppc64le": "0.13.8",
        "esbuild-netbsd-64": "0.13.8",
        "esbuild-openbsd-64": "0.13.8",
        "esbuild-sunos-64": "0.13.8",
        "esbuild-windows-32": "0.13.8",
        "esbuild-windows-64": "0.13.8",
        "esbuild-windows-arm64": "0.13.8"
      }
    },
    "esbuild-android-arm64": {
      "version": "0.13.8",
      "resolved": "https://registry.npmmirror.com/esbuild-android-arm64/download/esbuild-android-arm64-0.13.8.tgz",
      "integrity": "sha1-wg6HXDyYFksf+6myhje9+W9ennw=",
      "dev": true,
      "optional": true
    },
    "esbuild-darwin-64": {
      "version": "0.13.8",
      "resolved": "https://registry.npmmirror.com/esbuild-darwin-64/download/esbuild-darwin-64-0.13.8.tgz",
      "integrity": "sha1-9G5rRx3b9iJlI0gIpqGqkd8YpBc=",
      "dev": true,
      "optional": true
    },
    "esbuild-darwin-arm64": {
      "version": "0.13.8",
      "resolved": "https://registry.npmmirror.com/esbuild-darwin-arm64/download/esbuild-darwin-arm64-0.13.8.tgz",
      "integrity": "sha1-qZEVemAT+s1PLhQVm32lJibJAVQ=",
      "dev": true,
      "optional": true
    },
    "esbuild-freebsd-64": {
      "version": "0.13.8",
      "resolved": "https://registry.npmmirror.com/esbuild-freebsd-64/download/esbuild-freebsd-64-0.13.8.tgz",
      "integrity": "sha1-MBYB0uRDrUWJYONZtAKhfZUAvp0=",
      "dev": true,
      "optional": true
    },
    "esbuild-freebsd-arm64": {
      "version": "0.13.8",
      "resolved": "https://registry.npmmirror.com/esbuild-freebsd-arm64/download/esbuild-freebsd-arm64-0.13.8.tgz",
      "integrity": "sha1-A5pjrMEuwIkgBsFH6iIeVfkSWp8=",
      "dev": true,
      "optional": true
    },
    "esbuild-linux-32": {
      "version": "0.13.8",
      "resolved": "https://registry.npmmirror.com/esbuild-linux-32/download/esbuild-linux-32-0.13.8.tgz",
      "integrity": "sha1-xTe2fX5pS2C/onhlgUEoOMa6AoQ=",
      "dev": true,
      "optional": true
    },
    "esbuild-linux-64": {
      "version": "0.13.8",
      "resolved": "https://registry.npmmirror.com/esbuild-linux-64/download/esbuild-linux-64-0.13.8.tgz",
      "integrity": "sha1-AJL8igZAAad3v6DjtCW7i+j5bmo=",
      "dev": true,
      "optional": true
    },
    "esbuild-linux-arm": {
      "version": "0.13.8",
      "resolved": "https://registry.npmmirror.com/esbuild-linux-arm/download/esbuild-linux-arm-0.13.8.tgz?cache=0&sync_timestamp=1634439432765&other_urls=https%3A%2F%2Fregistry.npmmirror.com%2Fesbuild-linux-arm%2Fdownload%2Fesbuild-linux-arm-0.13.8.tgz",
      "integrity": "sha1-rWNPlr8pdVNpB665/bdaMZT03c4=",
      "dev": true,
      "optional": true
    },
    "esbuild-linux-arm64": {
      "version": "0.13.8",
      "resolved": "https://registry.npmmirror.com/esbuild-linux-arm64/download/esbuild-linux-arm64-0.13.8.tgz?cache=0&sync_timestamp=1634439444634&other_urls=https%3A%2F%2Fregistry.npmmirror.com%2Fesbuild-linux-arm64%2Fdownload%2Fesbuild-linux-arm64-0.13.8.tgz",
      "integrity": "sha1-XNPyu5JCEpcUgujbwlxK/QmygRA=",
      "dev": true,
      "optional": true
    },
    "esbuild-linux-mips64le": {
      "version": "0.13.8",
      "resolved": "https://registry.npmmirror.com/esbuild-linux-mips64le/download/esbuild-linux-mips64le-0.13.8.tgz?cache=0&sync_timestamp=1634439403033&other_urls=https%3A%2F%2Fregistry.npmmirror.com%2Fesbuild-linux-mips64le%2Fdownload%2Fesbuild-linux-mips64le-0.13.8.tgz",
      "integrity": "sha1-V4V+3+v5v2V2bci+FjfyF5yZBXI=",
      "dev": true,
      "optional": true
    },
    "esbuild-linux-ppc64le": {
      "version": "0.13.8",
      "resolved": "https://registry.npmmirror.com/esbuild-linux-ppc64le/download/esbuild-linux-ppc64le-0.13.8.tgz?cache=0&sync_timestamp=1634439438497&other_urls=https%3A%2F%2Fregistry.npmmirror.com%2Fesbuild-linux-ppc64le%2Fdownload%2Fesbuild-linux-ppc64le-0.13.8.tgz",
      "integrity": "sha1-/bgqBZpbhrsQ+0IJG0689Ii5zUY=",
      "dev": true,
      "optional": true
    },
    "esbuild-netbsd-64": {
      "version": "0.13.8",
      "resolved": "https://registry.npmmirror.com/esbuild-netbsd-64/download/esbuild-netbsd-64-0.13.8.tgz",
      "integrity": "sha1-14eecSPTssBHVOzovQYapoZt7v8=",
      "dev": true,
      "optional": true
    },
    "esbuild-openbsd-64": {
      "version": "0.13.8",
      "resolved": "https://registry.npmmirror.com/esbuild-openbsd-64/download/esbuild-openbsd-64-0.13.8.tgz",
      "integrity": "sha1-iLKAtssKP2rbYKvyf8UGxQajXPA=",
      "dev": true,
      "optional": true
    },
    "esbuild-sunos-64": {
      "version": "0.13.8",
      "resolved": "https://registry.npmmirror.com/esbuild-sunos-64/download/esbuild-sunos-64-0.13.8.tgz",
      "integrity": "sha1-Iprnx3AxlqWKzQ8Cka2b69qBXWM=",
      "dev": true,
      "optional": true
    },
    "esbuild-windows-32": {
      "version": "0.13.8",
      "resolved": "https://registry.npmmirror.com/esbuild-windows-32/download/esbuild-windows-32-0.13.8.tgz?cache=0&sync_timestamp=1634439444336&other_urls=https%3A%2F%2Fregistry.npmmirror.com%2Fesbuild-windows-32%2Fdownload%2Fesbuild-windows-32-0.13.8.tgz",
      "integrity": "sha1-iS0JPjKiHAyRNeWg/9w4Cutw52M=",
      "dev": true,
      "optional": true
    },
    "esbuild-windows-64": {
      "version": "0.13.8",
      "resolved": "https://registry.npmmirror.com/esbuild-windows-64/download/esbuild-windows-64-0.13.8.tgz",
      "integrity": "sha1-fe/Y15rju35vU7ZacZC+fa+QFoY=",
      "dev": true,
      "optional": true
    },
    "esbuild-windows-arm64": {
      "version": "0.13.8",
      "resolved": "https://registry.npmmirror.com/esbuild-windows-arm64/download/esbuild-windows-arm64-0.13.8.tgz",
      "integrity": "sha1-5ZrgBElv2KWrZ7/HlFouR0gNb7k=",
      "dev": true,
      "optional": true
    },
    "fsevents": {
      "version": "2.3.2",
      "resolved": "https://registry.nlark.com/fsevents/download/fsevents-2.3.2.tgz",
      "integrity": "sha1-ilJveLj99GI7cJ4Ll1xSwkwC/Ro=",
      "dev": true,
      "optional": true
    },
    "function-bind": {
      "version": "1.1.1",
      "resolved": "https://registry.nlark.com/function-bind/download/function-bind-1.1.1.tgz",
      "integrity": "sha1-pWiZ0+o8m6uHS7l3O3xe3pL0iV0=",
      "dev": true
    },
    "has": {
      "version": "1.0.3",
      "resolved": "https://registry.nlark.com/has/download/has-1.0.3.tgz?cache=0&sync_timestamp=1618847173393&other_urls=https%3A%2F%2Fregistry.nlark.com%2Fhas%2Fdownload%2Fhas-1.0.3.tgz",
      "integrity": "sha1-ci18v8H2qoJB8W3YFOAR4fQeh5Y=",
      "dev": true,
      "requires": {
        "function-bind": "^1.1.1"
      }
    },
    "is-core-module": {
      "version": "2.8.0",
      "resolved": "https://registry.npmmirror.com/is-core-module/download/is-core-module-2.8.0.tgz?cache=0&sync_timestamp=1634236702465&other_urls=https%3A%2F%2Fregistry.npmmirror.com%2Fis-core-module%2Fdownload%2Fis-core-module-2.8.0.tgz",
      "integrity": "sha1-AyEzbD0JJeSX/Zf12VyxFKXM1Ug=",
      "dev": true,
      "requires": {
        "has": "^1.0.3"
      }
    },
    "nanoid": {
      "version": "3.1.30",
      "resolved": "https://registry.npmmirror.com/nanoid/download/nanoid-3.1.30.tgz",
      "integrity": "sha1-Y/k8xUjSoRPcXfvGO/oJ4rm2Q2I=",
      "dev": true
    },
    "path-parse": {
      "version": "1.0.7",
      "resolved": "https://registry.nlark.com/path-parse/download/path-parse-1.0.7.tgz",
      "integrity": "sha1-+8EUtgykKzDZ2vWFjkvWi77bZzU=",
      "dev": true
    },
    "picocolors": {
      "version": "1.0.0",
      "resolved": "https://registry.npmmirror.com/picocolors/download/picocolors-1.0.0.tgz?cache=0&sync_timestamp=1634093339035&other_urls=https%3A%2F%2Fregistry.npmmirror.com%2Fpicocolors%2Fdownload%2Fpicocolors-1.0.0.tgz",
      "integrity": "sha1-y1vcdP8/UYkiNur3nWi8RFZKuBw=",
      "dev": true
    },
    "postcss": {
      "version": "8.3.11",
      "resolved": "https://registry.npmmirror.com/postcss/download/postcss-8.3.11.tgz?cache=0&sync_timestamp=1634821212090&other_urls=https%3A%2F%2Fregistry.npmmirror.com%2Fpostcss%2Fdownload%2Fpostcss-8.3.11.tgz",
      "integrity": "sha1-w77KfqgRzV4cSj7G0udZnvH4+Fg=",
      "dev": true,
      "requires": {
        "nanoid": "^3.1.30",
        "picocolors": "^1.0.0",
        "source-map-js": "^0.6.2"
      }
    },
    "resolve": {
      "version": "1.20.0",
      "resolved": "https://registry.nlark.com/resolve/download/resolve-1.20.0.tgz?cache=0&sync_timestamp=1618846903792&other_urls=https%3A%2F%2Fregistry.nlark.com%2Fresolve%2Fdownload%2Fresolve-1.20.0.tgz",
      "integrity": "sha1-YpoBP7P3B1XW8LeTXMHCxTeLGXU=",
      "dev": true,
      "requires": {
        "is-core-module": "^2.2.0",
        "path-parse": "^1.0.6"
      }
    },
    "rollup": {
      "version": "2.58.0",
      "resolved": "https://registry.npmmirror.com/rollup/download/rollup-2.58.0.tgz",
      "integrity": "sha1-pkOYM2Xnv39bfGKoMxuYO3xMZ/s=",
      "dev": true,
      "requires": {
        "fsevents": "~2.3.2"
      }
    },
    "source-map-js": {
      "version": "0.6.2",
      "resolved": "https://registry.npm.taobao.org/source-map-js/download/source-map-js-0.6.2.tgz",
      "integrity": "sha1-C7XeYxtBz72mz7qL0FqA79/SOF4=",
      "dev": true
    },
    "vite": {
      "version": "2.6.10",
      "resolved": "https://registry.npmmirror.com/vite/download/vite-2.6.10.tgz",
      "integrity": "sha1-ek9CDG4sfZBix/nORXioF8crOEI=",
      "dev": true,
      "requires": {
        "esbuild": "^0.13.2",
        "fsevents": "~2.3.2",
        "postcss": "^8.3.8",
        "resolve": "^1.20.0",
        "rollup": "^2.57.0"
      }
    }
  }
}
